PODS:
  - Alamofire (5.7.1)
  - Kingfisher (7.7.0)
  - Moya (15.0.0):
    - Moya/Core (= 15.0.0)
  - Moya/Core (15.0.0):
    - Alamofire (~> 5.0)

DEPENDENCIES:
  - Kingfisher (= 7.7.0)
  - Moya (= 15.0)

SPEC REPOS:
  trunk:
    - Alamofire
    - Kingfisher
    - Moya

SPEC CHECKSUMS:
  Alamofire: 0123a34370cb170936ae79a8df46cc62b2edeb88
  Kingfisher: f043ac666dfc96c1f37604f93effb45a7ee3a3e1
  Moya: 138f0573e53411fb3dc17016add0b748dfbd78ee

PODFILE CHECKSUM: a9e3c91359331784c8d52685a7cbc46a19532b6b

COCOAPODS: 1.12.0
