// !$*UTF8*$!
{
	archiveVersion = 1;
	classes = {
	};
	objectVersion = 56;
	objects = {

/* Begin PBXBuildFile section */
		1ADF65EF2A63EB2F002119DD /* Movie_EveningApp.swift in Sources */ = {isa = PBXBuildFile; fileRef = 1ADF65EE2A63EB2F002119DD /* Movie_EveningApp.swift */; };
		1ADF65F12A63EB2F002119DD /* ContentView.swift in Sources */ = {isa = PBXBuildFile; fileRef = 1ADF65F02A63EB2F002119DD /* ContentView.swift */; };
		1ADF65F32A63EB31002119DD /* Assets.xcassets in Resources */ = {isa = PBXBuildFile; fileRef = 1ADF65F22A63EB31002119DD /* Assets.xcassets */; };
		1ADF65F62A63EB31002119DD /* Preview Assets.xcassets in Resources */ = {isa = PBXBuildFile; fileRef = 1ADF65F52A63EB31002119DD /* Preview Assets.xcassets */; };
		1ADF65F82A63EB31002119DD /* Item.swift in Sources */ = {isa = PBXBuildFile; fileRef = 1ADF65F72A63EB31002119DD /* Item.swift */; };
		1ADF66022A63EB31002119DD /* Movie_EveningTests.swift in Sources */ = {isa = PBXBuildFile; fileRef = 1ADF66012A63EB31002119DD /* Movie_EveningTests.swift */; };
		1ADF660C2A63EB31002119DD /* Movie_EveningUITests.swift in Sources */ = {isa = PBXBuildFile; fileRef = 1ADF660B2A63EB31002119DD /* Movie_EveningUITests.swift */; };
		1ADF660E2A63EB31002119DD /* Movie_EveningUITestsLaunchTests.swift in Sources */ = {isa = PBXBuildFile; fileRef = 1ADF660D2A63EB31002119DD /* Movie_EveningUITestsLaunchTests.swift */; };
/* End PBXBuildFile section */

/* Begin PBXContainerItemProxy section */
		1ADF65FE2A63EB31002119DD /* PBXContainerItemProxy */ = {
			isa = PBXContainerItemProxy;
			containerPortal = 1ADF65E32A63EB2F002119DD /* Project object */;
			proxyType = 1;
			remoteGlobalIDString = 1ADF65EA2A63EB2F002119DD;
			remoteInfo = "Movie Evening";
		};
		1ADF66082A63EB31002119DD /* PBXContainerItemProxy */ = {
			isa = PBXContainerItemProxy;
			containerPortal = 1ADF65E32A63EB2F002119DD /* Project object */;
			proxyType = 1;
			remoteGlobalIDString = 1ADF65EA2A63EB2F002119DD;
			remoteInfo = "Movie Evening";
		};
/* End PBXContainerItemProxy section */

/* Begin PBXFileReference section */
		1ADF65EB2A63EB2F002119DD /* Movie Evening.app */ = {isa = PBXFileReference; explicitFileType = wrapper.application; includeInIndex = 0; path = "Movie Evening.app"; sourceTree = BUILT_PRODUCTS_DIR; };
		1ADF65EE2A63EB2F002119DD /* Movie_EveningApp.swift */ = {isa = PBXFileReference; lastKnownFileType = sourcecode.swift; path = Movie_EveningApp.swift; sourceTree = "<group>"; };
		1ADF65F02A63EB2F002119DD /* ContentView.swift */ = {isa = PBXFileReference; lastKnownFileType = sourcecode.swift; path = ContentView.swift; sourceTree = "<group>"; };
		1ADF65F22A63EB31002119DD /* Assets.xcassets */ = {isa = PBXFileReference; lastKnownFileType = folder.assetcatalog; path = Assets.xcassets; sourceTree = "<group>"; };
		1ADF65F52A63EB31002119DD /* Preview Assets.xcassets */ = {isa = PBXFileReference; lastKnownFileType = folder.assetcatalog; path = "Preview Assets.xcassets"; sourceTree = "<group>"; };
		1ADF65F72A63EB31002119DD /* Item.swift */ = {isa = PBXFileReference; lastKnownFileType = sourcecode.swift; path = Item.swift; sourceTree = "<group>"; };
		1ADF65FD2A63EB31002119DD /* Movie EveningTests.xctest */ = {isa = PBXFileReference; explicitFileType = wrapper.cfbundle; includeInIndex = 0; path = "Movie EveningTests.xctest"; sourceTree = BUILT_PRODUCTS_DIR; };
		1ADF66012A63EB31002119DD /* Movie_EveningTests.swift */ = {isa = PBXFileReference; lastKnownFileType = sourcecode.swift; path = Movie_EveningTests.swift; sourceTree = "<group>"; };
		1ADF66072A63EB31002119DD /* Movie EveningUITests.xctest */ = {isa = PBXFileReference; explicitFileType = wrapper.cfbundle; includeInIndex = 0; path = "Movie EveningUITests.xctest"; sourceTree = BUILT_PRODUCTS_DIR; };
		1ADF660B2A63EB31002119DD /* Movie_EveningUITests.swift */ = {isa = PBXFileReference; lastKnownFileType = sourcecode.swift; path = Movie_EveningUITests.swift; sourceTree = "<group>"; };
		1ADF660D2A63EB31002119DD /* Movie_EveningUITestsLaunchTests.swift */ = {isa = PBXFileReference; lastKnownFileType = sourcecode.swift; path = Movie_EveningUITestsLaunchTests.swift; sourceTree = "<group>"; };
/* End PBXFileReference section */

/* Begin PBXFrameworksBuildPhase section */
		1ADF65E82A63EB2F002119DD /* Frameworks */ = {
			isa = PBXFrameworksBuildPhase;
			buildActionMask = 2147483647;
			files = (
			);
			runOnlyForDeploymentPostprocessing = 0;
		};
		1ADF65FA2A63EB31002119DD /* Frameworks */ = {
			isa = PBXFrameworksBuildPhase;
			buildActionMask = 2147483647;
			files = (
			);
			runOnlyForDeploymentPostprocessing = 0;
		};
		1ADF66042A63EB31002119DD /* Frameworks */ = {
			isa = PBXFrameworksBuildPhase;
			buildActionMask = 2147483647;
			files = (
			);
			runOnlyForDeploymentPostprocessing = 0;
		};
/* End PBXFrameworksBuildPhase section */

/* Begin PBXGroup section */
		1ADF65E22A63EB2F002119DD = {
			isa = PBXGroup;
			children = (
				1ADF65ED2A63EB2F002119DD /* Movie Evening */,
				1ADF66002A63EB31002119DD /* Movie EveningTests */,
				1ADF660A2A63EB31002119DD /* Movie EveningUITests */,
				1ADF65EC2A63EB2F002119DD /* Products */,
			);
			sourceTree = "<group>";
		};
		1ADF65EC2A63EB2F002119DD /* Products */ = {
			isa = PBXGroup;
			children = (
				1ADF65EB2A63EB2F002119DD /* Movie Evening.app */,
				1ADF65FD2A63EB31002119DD /* Movie EveningTests.xctest */,
				1ADF66072A63EB31002119DD /* Movie EveningUITests.xctest */,
			);
			name = Products;
			sourceTree = "<group>";
		};
		1ADF65ED2A63EB2F002119DD /* Movie Evening */ = {
			isa = PBXGroup;
			children = (
				1ADF65EE2A63EB2F002119DD /* Movie_EveningApp.swift */,
				1ADF65F02A63EB2F002119DD /* ContentView.swift */,
				1ADF65F22A63EB31002119DD /* Assets.xcassets */,
				1ADF65F72A63EB31002119DD /* Item.swift */,
				1ADF65F42A63EB31002119DD /* Preview Content */,
			);
			path = "Movie Evening";
			sourceTree = "<group>";
		};
		1ADF65F42A63EB31002119DD /* Preview Content */ = {
			isa = PBXGroup;
			children = (
				1ADF65F52A63EB31002119DD /* Preview Assets.xcassets */,
			);
			path = "Preview Content";
			sourceTree = "<group>";
		};
		1ADF66002A63EB31002119DD /* Movie EveningTests */ = {
			isa = PBXGroup;
			children = (
				1ADF66012A63EB31002119DD /* Movie_EveningTests.swift */,
			);
			path = "Movie EveningTests";
			sourceTree = "<group>";
		};
		1ADF660A2A63EB31002119DD /* Movie EveningUITests */ = {
			isa = PBXGroup;
			children = (
				1ADF660B2A63EB31002119DD /* Movie_EveningUITests.swift */,
				1ADF660D2A63EB31002119DD /* Movie_EveningUITestsLaunchTests.swift */,
			);
			path = "Movie EveningUITests";
			sourceTree = "<group>";
		};
/* End PBXGroup section */

/* Begin PBXNativeTarget section */
		1ADF65EA2A63EB2F002119DD /* Movie Evening */ = {
			isa = PBXNativeTarget;
			buildConfigurationList = 1ADF66112A63EB31002119DD /* Build configuration list for PBXNativeTarget "Movie Evening" */;
			buildPhases = (
				1ADF661A2A63EBC7002119DD /* Swift Lint */,
				1ADF65E72A63EB2F002119DD /* Sources */,
				1ADF65E82A63EB2F002119DD /* Frameworks */,
				1ADF65E92A63EB2F002119DD /* Resources */,
			);
			buildRules = (
			);
			dependencies = (
			);
			name = "Movie Evening";
			productName = "Movie Evening";
			productReference = 1ADF65EB2A63EB2F002119DD /* Movie Evening.app */;
			productType = "com.apple.product-type.application";
		};
		1ADF65FC2A63EB31002119DD /* Movie EveningTests */ = {
			isa = PBXNativeTarget;
			buildConfigurationList = 1ADF66142A63EB31002119DD /* Build configuration list for PBXNativeTarget "Movie EveningTests" */;
			buildPhases = (
				1ADF65F92A63EB31002119DD /* Sources */,
				1ADF65FA2A63EB31002119DD /* Frameworks */,
				1ADF65FB2A63EB31002119DD /* Resources */,
			);
			buildRules = (
			);
			dependencies = (
				1ADF65FF2A63EB31002119DD /* PBXTargetDependency */,
			);
			name = "Movie EveningTests";
			productName = "Movie EveningTests";
			productReference = 1ADF65FD2A63EB31002119DD /* Movie EveningTests.xctest */;
			productType = "com.apple.product-type.bundle.unit-test";
		};
		1ADF66062A63EB31002119DD /* Movie EveningUITests */ = {
			isa = PBXNativeTarget;
			buildConfigurationList = 1ADF66172A63EB31002119DD /* Build configuration list for PBXNativeTarget "Movie EveningUITests" */;
			buildPhases = (
				1ADF66032A63EB31002119DD /* Sources */,
				1ADF66042A63EB31002119DD /* Frameworks */,
				1ADF66052A63EB31002119DD /* Resources */,
			);
			buildRules = (
			);
			dependencies = (
				1ADF66092A63EB31002119DD /* PBXTargetDependency */,
			);
			name = "Movie EveningUITests";
			productName = "Movie EveningUITests";
			productReference = 1ADF66072A63EB31002119DD /* Movie EveningUITests.xctest */;
			productType = "com.apple.product-type.bundle.ui-testing";
		};
/* End PBXNativeTarget section */

/* Begin PBXProject section */
		1ADF65E32A63EB2F002119DD /* Project object */ = {
			isa = PBXProject;
			attributes = {
				BuildIndependentTargetsInParallel = 1;
				LastSwiftUpdateCheck = 1500;
				LastUpgradeCheck = 1500;
				TargetAttributes = {
					1ADF65EA2A63EB2F002119DD = {
						CreatedOnToolsVersion = 15.0;
					};
					1ADF65FC2A63EB31002119DD = {
						CreatedOnToolsVersion = 15.0;
						TestTargetID = 1ADF65EA2A63EB2F002119DD;
					};
					1ADF66062A63EB31002119DD = {
						CreatedOnToolsVersion = 15.0;
						TestTargetID = 1ADF65EA2A63EB2F002119DD;
					};
				};
			};
			buildConfigurationList = 1ADF65E62A63EB2F002119DD /* Build configuration list for PBXProject "Movie Evening" */;
			compatibilityVersion = "Xcode 14.0";
			developmentRegion = en;
			hasScannedForEncodings = 0;
			knownRegions = (
				en,
				Base,
			);
			mainGroup = 1ADF65E22A63EB2F002119DD;
			productRefGroup = 1ADF65EC2A63EB2F002119DD /* Products */;
			projectDirPath = "";
			projectRoot = "";
			targets = (
				1ADF65EA2A63EB2F002119DD /* Movie Evening */,
				1ADF65FC2A63EB31002119DD /* Movie EveningTests */,
				1ADF66062A63EB31002119DD /* Movie EveningUITests */,
			);
		};
/* End PBXProject section */

/* Begin PBXResourcesBuildPhase section */
		1ADF65E92A63EB2F002119DD /* Resources */ = {
			isa = PBXResourcesBuildPhase;
			buildActionMask = 2147483647;
			files = (
				1ADF65F62A63EB31002119DD /* Preview Assets.xcassets in Resources */,
				1ADF65F32A63EB31002119DD /* Assets.xcassets in Resources */,
			);
			runOnlyForDeploymentPostprocessing = 0;
		};
		1ADF65FB2A63EB31002119DD /* Resources */ = {
			isa = PBXResourcesBuildPhase;
			buildActionMask = 2147483647;
			files = (
			);
			runOnlyForDeploymentPostprocessing = 0;
		};
		1ADF66052A63EB31002119DD /* Resources */ = {
			isa = PBXResourcesBuildPhase;
			buildActionMask = 2147483647;
			files = (
			);
			runOnlyForDeploymentPostprocessing = 0;
		};
/* End PBXResourcesBuildPhase section */

/* Begin PBXShellScriptBuildPhase section */
		1ADF661A2A63EBC7002119DD /* Swift Lint */ = {
			isa = PBXShellScriptBuildPhase;
			alwaysOutOfDate = 1;
			buildActionMask = 2147483647;
			files = (
			);
			inputFileListPaths = (
			);
			inputPaths = (
			);
			name = "Swift Lint";
			outputFileListPaths = (
			);
			outputPaths = (
			);
			runOnlyForDeploymentPostprocessing = 0;
			shellPath = /bin/sh;
			shellScript = "if which swiftlint >/dev/null; then\n  swiftlint\nelse\n  echo \"error: SwiftLint does not exist, download it from https://github.com/realm/SwiftLint\"\n  exit 1\nfi\n";
		};
/* End PBXShellScriptBuildPhase section */

/* Begin PBXSourcesBuildPhase section */
		1ADF65E72A63EB2F002119DD /* Sources */ = {
			isa = PBXSourcesBuildPhase;
			buildActionMask = 2147483647;
			files = (
				1ADF65F12A63EB2F002119DD /* ContentView.swift in Sources */,
				1ADF65F82A63EB31002119DD /* Item.swift in Sources */,
				1ADF65EF2A63EB2F002119DD /* Movie_EveningApp.swift in Sources */,
			);
			runOnlyForDeploymentPostprocessing = 0;
		};
		1ADF65F92A63EB31002119DD /* Sources */ = {
			isa = PBXSourcesBuildPhase;
			buildActionMask = 2147483647;
			files = (
				1ADF66022A63EB31002119DD /* Movie_EveningTests.swift in Sources */,
			);
			runOnlyForDeploymentPostprocessing = 0;
		};
		1ADF66032A63EB31002119DD /* Sources */ = {
			isa = PBXSourcesBuildPhase;
			buildActionMask = 2147483647;
			files = (
				1ADF660E2A63EB31002119DD /* Movie_EveningUITestsLaunchTests.swift in Sources */,
				1ADF660C2A63EB31002119DD /* Movie_EveningUITests.swift in Sources */,
			);
			runOnlyForDeploymentPostprocessing = 0;
		};
/* End PBXSourcesBuildPhase section */

/* Begin PBXTargetDependency section */
		1ADF65FF2A63EB31002119DD /* PBXTargetDependency */ = {
			isa = PBXTargetDependency;
			target = 1ADF65EA2A63EB2F002119DD /* Movie Evening */;
			targetProxy = 1ADF65FE2A63EB31002119DD /* PBXContainerItemProxy */;
		};
		1ADF66092A63EB31002119DD /* PBXTargetDependency */ = {
			isa = PBXTargetDependency;
			target = 1ADF65EA2A63EB2F002119DD /* Movie Evening */;
			targetProxy = 1ADF66082A63EB31002119DD /* PBXContainerItemProxy */;
		};
/* End PBXTargetDependency section */

/* Begin XCBuildConfiguration section */
		1ADF660F2A63EB31002119DD /* Debug */ = {
			isa = XCBuildConfiguration;
			buildSettings = {
				ALWAYS_SEARCH_USER_PATHS = NO;
				ASSETCATALOG_COMPILER_GENERATE_SWIFT_ASSET_SYMBOL_EXTENSIONS = YES;
				CLANG_ANALYZER_NONNULL = YES;
				CLANG_ANALYZER_NUMBER_OBJECT_CONVERSION = YES_AGGRESSIVE;
				CLANG_CXX_LANGUAGE_STANDARD = "gnu++20";
				CLANG_ENABLE_MODULES = YES;
				CLANG_ENABLE_OBJC_ARC = YES;
				CLANG_ENABLE_OBJC_WEAK = YES;
				CLANG_WARN_BLOCK_CAPTURE_AUTORELEASING = YES;
				CLANG_WARN_BOOL_CONVERSION = YES;
				CLANG_WARN_COMMA = YES;
				CLANG_WARN_CONSTANT_CONVERSION = YES;
				CLANG_WARN_DEPRECATED_OBJC_IMPLEMENTATIONS = YES;
				CLANG_WARN_DIRECT_OBJC_ISA_USAGE = YES_ERROR;
				CLANG_WARN_DOCUMENTATION_COMMENTS = YES;
				CLANG_WARN_EMPTY_BODY = YES;
				CLANG_WARN_ENUM_CONVERSION = YES;
				CLANG_WARN_INFINITE_RECURSION = YES;
				CLANG_WARN_INT_CONVERSION = YES;
				CLANG_WARN_NON_LITERAL_NULL_CONVERSION = YES;
				CLANG_WARN_OBJC_IMPLICIT_RETAIN_SELF = YES;
				CLANG_WARN_OBJC_LITERAL_CONVERSION = YES;
				CLANG_WARN_OBJC_ROOT_CLASS = YES_ERROR;
				CLANG_WARN_QUOTED_INCLUDE_IN_FRAMEWORK_HEADER = YES;
				CLANG_WARN_RANGE_LOOP_ANALYSIS = YES;
				CLANG_WARN_STRICT_PROTOTYPES = YES;
				CLANG_WARN_SUSPICIOUS_MOVE = YES;
				CLANG_WARN_UNGUARDED_AVAILABILITY = YES_AGGRESSIVE;
				CLANG_WARN_UNREACHABLE_CODE = YES;
				CLANG_WARN__DUPLICATE_METHOD_MATCH = YES;
				COPY_PHASE_STRIP = NO;
				DEBUG_INFORMATION_FORMAT = dwarf;
				ENABLE_STRICT_OBJC_MSGSEND = YES;
				ENABLE_TESTABILITY = YES;
				ENABLE_USER_SCRIPT_SANDBOXING = YES;
				GCC_C_LANGUAGE_STANDARD = gnu17;
				GCC_DYNAMIC_NO_PIC = NO;
				GCC_NO_COMMON_BLOCKS = YES;
				GCC_OPTIMIZATION_LEVEL = 0;
				GCC_PREPROCESSOR_DEFINITIONS = (
					"DEBUG=1",
					"$(inherited)",
				);
				GCC_WARN_64_TO_32_BIT_CONVERSION = YES;
				GCC_WARN_ABOUT_RETURN_TYPE = YES_ERROR;
				GCC_WARN_UNDECLARED_SELECTOR = YES;
				GCC_WARN_UNINITIALIZED_AUTOS = YES_AGGRESSIVE;
				GCC_WARN_UNUSED_FUNCTION = YES;
				GCC_WARN_UNUSED_VARIABLE = YES;
				IPHONEOS_DEPLOYMENT_TARGET = 16.0;
				LOCALIZATION_PREFERS_STRING_CATALOGS = YES;
				MTL_ENABLE_DEBUG_INFO = INCLUDE_SOURCE;
				MTL_FAST_MATH = YES;
				ONLY_ACTIVE_ARCH = YES;
				SDKROOT = iphoneos;
				SWIFT_ACTIVE_COMPILATION_CONDITIONS = "DEBUG $(inherited)";
				SWIFT_OPTIMIZATION_LEVEL = "-Onone";
			};
			name = Debug;
		};
		1ADF66102A63EB31002119DD /* Release */ = {
			isa = XCBuildConfiguration;
			buildSettings = {
				ALWAYS_SEARCH_USER_PATHS = NO;
				ASSETCATALOG_COMPILER_GENERATE_SWIFT_ASSET_SYMBOL_EXTENSIONS = YES;
				CLANG_ANALYZER_NONNULL = YES;
				CLANG_ANALYZER_NUMBER_OBJECT_CONVERSION = YES_AGGRESSIVE;
				CLANG_CXX_LANGUAGE_STANDARD = "gnu++20";
				CLANG_ENABLE_MODULES = YES;
				CLANG_ENABLE_OBJC_ARC = YES;
				CLANG_ENABLE_OBJC_WEAK = YES;
				CLANG_WARN_BLOCK_CAPTURE_AUTORELEASING = YES;
				CLANG_WARN_BOOL_CONVERSION = YES;
				CLANG_WARN_COMMA = YES;
				CLANG_WARN_CONSTANT_CONVERSION = YES;
				CLANG_WARN_DEPRECATED_OBJC_IMPLEMENTATIONS = YES;
				CLANG_WARN_DIRECT_OBJC_ISA_USAGE = YES_ERROR;
				CLANG_WARN_DOCUMENTATION_COMMENTS = YES;
				CLANG_WARN_EMPTY_BODY = YES;
				CLANG_WARN_ENUM_CONVERSION = YES;
				CLANG_WARN_INFINITE_RECURSION = YES;
				CLANG_WARN_INT_CONVERSION = YES;
				CLANG_WARN_NON_LITERAL_NULL_CONVERSION = YES;
				CLANG_WARN_OBJC_IMPLICIT_RETAIN_SELF = YES;
				CLANG_WARN_OBJC_LITERAL_CONVERSION = YES;
				CLANG_WARN_OBJC_ROOT_CLASS = YES_ERROR;
				CLANG_WARN_QUOTED_INCLUDE_IN_FRAMEWORK_HEADER = YES;
				CLANG_WARN_RANGE_LOOP_ANALYSIS = YES;
				CLANG_WARN_STRICT_PROTOTYPES = YES;
				CLANG_WARN_SUSPICIOUS_MOVE = YES;
				CLANG_WARN_UNGUARDED_AVAILABILITY = YES_AGGRESSIVE;
				CLANG_WARN_UNREACHABLE_CODE = YES;
				CLANG_WARN__DUPLICATE_METHOD_MATCH = YES;
				COPY_PHASE_STRIP = NO;
				DEBUG_INFORMATION_FORMAT = "dwarf-with-dsym";
				ENABLE_NS_ASSERTIONS = NO;
				ENABLE_STRICT_OBJC_MSGSEND = YES;
				ENABLE_USER_SCRIPT_SANDBOXING = YES;
				GCC_C_LANGUAGE_STANDARD = gnu17;
				GCC_NO_COMMON_BLOCKS = YES;
				GCC_WARN_64_TO_32_BIT_CONVERSION = YES;
				GCC_WARN_ABOUT_RETURN_TYPE = YES_ERROR;
				GCC_WARN_UNDECLARED_SELECTOR = YES;
				GCC_WARN_UNINITIALIZED_AUTOS = YES_AGGRESSIVE;
				GCC_WARN_UNUSED_FUNCTION = YES;
				GCC_WARN_UNUSED_VARIABLE = YES;
				IPHONEOS_DEPLOYMENT_TARGET = 16.0;
				LOCALIZATION_PREFERS_STRING_CATALOGS = YES;
				MTL_ENABLE_DEBUG_INFO = NO;
				MTL_FAST_MATH = YES;
				SDKROOT = iphoneos;
				SWIFT_COMPILATION_MODE = wholemodule;
				VALIDATE_PRODUCT = YES;
			};
			name = Release;
		};
		1ADF66122A63EB31002119DD /* Debug */ = {
			isa = XCBuildConfiguration;
			buildSettings = {
				ASSETCATALOG_COMPILER_APPICON_NAME = AppIcon;
				ASSETCATALOG_COMPILER_GLOBAL_ACCENT_COLOR_NAME = AccentColor;
				CODE_SIGN_STYLE = Automatic;
				CURRENT_PROJECT_VERSION = 1;
				DEVELOPMENT_ASSET_PATHS = "\"Movie Evening/Preview Content\"";
				DEVELOPMENT_TEAM = 2TFP9B86SX;
				ENABLE_PREVIEWS = YES;
				GENERATE_INFOPLIST_FILE = YES;
				INFOPLIST_KEY_UIApplicationSceneManifest_Generation = YES;
				INFOPLIST_KEY_UIApplicationSupportsIndirectInputEvents = YES;
				INFOPLIST_KEY_UILaunchScreen_Generation = YES;
				INFOPLIST_KEY_UISupportedInterfaceOrientations_iPad = "UIInterfaceOrientationPortrait UIInterfaceOrientationPortraitUpsideDown UIInterfaceOrientationLandscapeLeft UIInterfaceOrientationLandscapeRight";
				INFOPLIST_KEY_UISupportedInterfaceOrientations_iPhone = "UIInterfaceOrientationPortrait UIInterfaceOrientationLandscapeLeft UIInterfaceOrientationLandscapeRight";
				LD_RUNPATH_SEARCH_PATHS = (
					"$(inherited)",
					"@executable_path/Frameworks",
				);
				MARKETING_VERSION = 1.0;
				PRODUCT_BUNDLE_IDENTIFIER = "com.tarasenko.ivan-icloud.Movie-Evening";
				PRODUCT_NAME = "$(TARGET_NAME)";
				SUPPORTED_PLATFORMS = "iphoneos iphonesimulator";
				SUPPORTS_MACCATALYST = NO;
				SUPPORTS_MAC_DESIGNED_FOR_IPHONE_IPAD = NO;
				SUPPORTS_XR_DESIGNED_FOR_IPHONE_IPAD = NO;
				SWIFT_EMIT_LOC_STRINGS = YES;
				SWIFT_VERSION = 5.0;
				TARGETED_DEVICE_FAMILY = "1,2";
			};
			name = Debug;
		};
		1ADF66132A63EB31002119DD /* Release */ = {
			isa = XCBuildConfiguration;
			buildSettings = {
				ASSETCATALOG_COMPILER_APPICON_NAME = AppIcon;
				ASSETCATALOG_COMPILER_GLOBAL_ACCENT_COLOR_NAME = AccentColor;
				CODE_SIGN_STYLE = Automatic;
				CURRENT_PROJECT_VERSION = 1;
				DEVELOPMENT_ASSET_PATHS = "\"Movie Evening/Preview Content\"";
				DEVELOPMENT_TEAM = 2TFP9B86SX;
				ENABLE_PREVIEWS = YES;
				GENERATE_INFOPLIST_FILE = YES;
				INFOPLIST_KEY_UIApplicationSceneManifest_Generation = YES;
				INFOPLIST_KEY_UIApplicationSupportsIndirectInputEvents = YES;
				INFOPLIST_KEY_UILaunchScreen_Generation = YES;
				INFOPLIST_KEY_UISupportedInterfaceOrientations_iPad = "UIInterfaceOrientationPortrait UIInterfaceOrientationPortraitUpsideDown UIInterfaceOrientationLandscapeLeft UIInterfaceOrientationLandscapeRight";
				INFOPLIST_KEY_UISupportedInterfaceOrientations_iPhone = "UIInterfaceOrientationPortrait UIInterfaceOrientationLandscapeLeft UIInterfaceOrientationLandscapeRight";
				LD_RUNPATH_SEARCH_PATHS = (
					"$(inherited)",
					"@executable_path/Frameworks",
				);
				MARKETING_VERSION = 1.0;
				PRODUCT_BUNDLE_IDENTIFIER = "com.tarasenko.ivan-icloud.Movie-Evening";
				PRODUCT_NAME = "$(TARGET_NAME)";
				SUPPORTED_PLATFORMS = "iphoneos iphonesimulator";
				SUPPORTS_MACCATALYST = NO;
				SUPPORTS_MAC_DESIGNED_FOR_IPHONE_IPAD = NO;
				SUPPORTS_XR_DESIGNED_FOR_IPHONE_IPAD = NO;
				SWIFT_EMIT_LOC_STRINGS = YES;
				SWIFT_VERSION = 5.0;
				TARGETED_DEVICE_FAMILY = "1,2";
			};
			name = Release;
		};
		1ADF66152A63EB31002119DD /* Debug */ = {
			isa = XCBuildConfiguration;
			buildSettings = {
				ALWAYS_EMBED_SWIFT_STANDARD_LIBRARIES = YES;
				BUNDLE_LOADER = "$(TEST_HOST)";
				CODE_SIGN_STYLE = Automatic;
				CURRENT_PROJECT_VERSION = 1;
				DEVELOPMENT_TEAM = 2TFP9B86SX;
				GENERATE_INFOPLIST_FILE = YES;
				IPHONEOS_DEPLOYMENT_TARGET = 17.0;
				MARKETING_VERSION = 1.0;
				PRODUCT_BUNDLE_IDENTIFIER = "com.tarasenko.ivan-icloud.Movie-EveningTests";
				PRODUCT_NAME = "$(TARGET_NAME)";
				SWIFT_EMIT_LOC_STRINGS = NO;
				SWIFT_VERSION = 5.0;
				TARGETED_DEVICE_FAMILY = "1,2";
				TEST_HOST = "$(BUILT_PRODUCTS_DIR)/Movie Evening.app/$(BUNDLE_EXECUTABLE_FOLDER_PATH)/Movie Evening";
			};
			name = Debug;
		};
		1ADF66162A63EB31002119DD /* Release */ = {
			isa = XCBuildConfiguration;
			buildSettings = {
				ALWAYS_EMBED_SWIFT_STANDARD_LIBRARIES = YES;
				BUNDLE_LOADER = "$(TEST_HOST)";
				CODE_SIGN_STYLE = Automatic;
				CURRENT_PROJECT_VERSION = 1;
				DEVELOPMENT_TEAM = 2TFP9B86SX;
				GENERATE_INFOPLIST_FILE = YES;
				IPHONEOS_DEPLOYMENT_TARGET = 17.0;
				MARKETING_VERSION = 1.0;
				PRODUCT_BUNDLE_IDENTIFIER = "com.tarasenko.ivan-icloud.Movie-EveningTests";
				PRODUCT_NAME = "$(TARGET_NAME)";
				SWIFT_EMIT_LOC_STRINGS = NO;
				SWIFT_VERSION = 5.0;
				TARGETED_DEVICE_FAMILY = "1,2";
				TEST_HOST = "$(BUILT_PRODUCTS_DIR)/Movie Evening.app/$(BUNDLE_EXECUTABLE_FOLDER_PATH)/Movie Evening";
			};
			name = Release;
		};
		1ADF66182A63EB31002119DD /* Debug */ = {
			isa = XCBuildConfiguration;
			buildSettings = {
				ALWAYS_EMBED_SWIFT_STANDARD_LIBRARIES = YES;
				CODE_SIGN_STYLE = Automatic;
				CURRENT_PROJECT_VERSION = 1;
				DEVELOPMENT_TEAM = 2TFP9B86SX;
				GENERATE_INFOPLIST_FILE = YES;
				MARKETING_VERSION = 1.0;
				PRODUCT_BUNDLE_IDENTIFIER = "com.tarasenko.ivan-icloud.Movie-EveningUITests";
				PRODUCT_NAME = "$(TARGET_NAME)";
				SWIFT_EMIT_LOC_STRINGS = NO;
				SWIFT_VERSION = 5.0;
				TARGETED_DEVICE_FAMILY = "1,2";
				TEST_TARGET_NAME = "Movie Evening";
			};
			name = Debug;
		};
		1ADF66192A63EB31002119DD /* Release */ = {
			isa = XCBuildConfiguration;
			buildSettings = {
				ALWAYS_EMBED_SWIFT_STANDARD_LIBRARIES = YES;
				CODE_SIGN_STYLE = Automatic;
				CURRENT_PROJECT_VERSION = 1;
				DEVELOPMENT_TEAM = 2TFP9B86SX;
				GENERATE_INFOPLIST_FILE = YES;
				MARKETING_VERSION = 1.0;
				PRODUCT_BUNDLE_IDENTIFIER = "com.tarasenko.ivan-icloud.Movie-EveningUITests";
				PRODUCT_NAME = "$(TARGET_NAME)";
				SWIFT_EMIT_LOC_STRINGS = NO;
				SWIFT_VERSION = 5.0;
				TARGETED_DEVICE_FAMILY = "1,2";
				TEST_TARGET_NAME = "Movie Evening";
			};
			name = Release;
		};
/* End XCBuildConfiguration section */

/* Begin XCConfigurationList section */
		1ADF65E62A63EB2F002119DD /* Build configuration list for PBXProject "Movie Evening" */ = {
			isa = XCConfigurationList;
			buildConfigurations = (
				1ADF660F2A63EB31002119DD /* Debug */,
				1ADF66102A63EB31002119DD /* Release */,
			);
			defaultConfigurationIsVisible = 0;
			defaultConfigurationName = Release;
		};
		1ADF66112A63EB31002119DD /* Build configuration list for PBXNativeTarget "Movie Evening" */ = {
			isa = XCConfigurationList;
			buildConfigurations = (
				1ADF66122A63EB31002119DD /* Debug */,
				1ADF66132A63EB31002119DD /* Release */,
			);
			defaultConfigurationIsVisible = 0;
			defaultConfigurationName = Release;
		};
		1ADF66142A63EB31002119DD /* Build configuration list for PBXNativeTarget "Movie EveningTests" */ = {
			isa = XCConfigurationList;
			buildConfigurations = (
				1ADF66152A63EB31002119DD /* Debug */,
				1ADF66162A63EB31002119DD /* Release */,
			);
			defaultConfigurationIsVisible = 0;
			defaultConfigurationName = Release;
		};
		1ADF66172A63EB31002119DD /* Build configuration list for PBXNativeTarget "Movie EveningUITests" */ = {
			isa = XCConfigurationList;
			buildConfigurations = (
				1ADF66182A63EB31002119DD /* Debug */,
				1ADF66192A63EB31002119DD /* Release */,
			);
			defaultConfigurationIsVisible = 0;
			defaultConfigurationName = Release;
		};
/* End XCConfigurationList section */
	};
	rootObject = 1ADF65E32A63EB2F002119DD /* Project object */;
}
